
Microsoft Visual Studio Solution File, Format Version 12.00
Project("{FAE04EC0-301F-11D3-BF4B-00C04F79EFBC}") = "AlsekBuzzard", "AlsekBuzzard\AlsekBuzzard.csproj", "{47FD23FC-59C8-40F1-8582-B2BB6A20AF25}"
EndProject
Global
	GlobalSection(SolutionConfigurationPlatforms) = preSolution
		Debug|Any CPU = Debug|Any CPU
		Release|Any CPU = Release|Any CPU
	EndGlobalSection
	GlobalSection(ProjectConfigurationPlatforms) = postSolution
		{47FD23FC-59C8-40F1-8582-B2BB6A20AF25}.Debug|Any CPU.ActiveCfg = Debug|Any CPU
		{47FD23FC-59C8-40F1-8582-B2BB6A20AF25}.Debug|Any CPU.Build.0 = Debug|Any CPU
		{47FD23FC-59C8-40F1-8582-B2BB6A20AF25}.Release|Any CPU.ActiveCfg = Release|Any CPU
		{47FD23FC-59C8-40F1-8582-B2BB6A20AF25}.Release|Any CPU.Build.0 = Release|Any CPU
	EndGlobalSection
EndGlobal
